
Microsoft Visual Studio Solution File, Format Version 12.00
# Visual Studio Version 16
VisualStudioVersion = 16.0.810.12
MinimumVisualStudioVersion = 10.0.40219.1
Project("{FAE04EC0-301F-11D3-BF4B-00C04F79EFBC}") = "TurnupTest", "TurnupTest\TurnupTest.csproj", "{F85ADD7E-8351-4075-88D6-D181D84E28C9}"
EndProject
Global
	GlobalSection(SolutionConfigurationPlatforms) = preSolution
		Debug|Any CPU = Debug|Any CPU
		Release|Any CPU = Release|Any CPU
	EndGlobalSection
	GlobalSection(ProjectConfigurationPlatforms) = postSolution
		{F85ADD7E-8351-4075-88D6-D181D84E28C9}.Debug|Any CPU.ActiveCfg = Debug|Any CPU
		{F85ADD7E-8351-4075-88D6-D181D84E28C9}.Debug|Any CPU.Build.0 = Debug|Any CPU
		{F85ADD7E-8351-4075-88D6-D181D84E28C9}.Release|Any CPU.ActiveCfg = Release|Any CPU
		{F85ADD7E-8351-4075-88D6-D181D84E28C9}.Release|Any CPU.Build.0 = Release|Any CPU
	EndGlobalSection
	GlobalSection(SolutionProperties) = preSolution
		HideSolutionNode = FALSE
	EndGlobalSection
	GlobalSection(ExtensibilityGlobals) = postSolution
		SolutionGuid = {4C54D892-EB76-43F4-BB4E-1A92AB3C907F}
	EndGlobalSection
EndGlobal
